
Microsoft Visual Studio Solution File, Format Version 12.00
# Visual Studio Version 17
VisualStudioVersion = 17.6.33801.468
MinimumVisualStudioVersion = 10.0.40219.1
Project("{FAE04EC0-301F-11D3-BF4B-00C04F79EFBC}") = "HolaMundoSoftware", "HolaMundoSoftware\HolaMundoSoftware.csproj", "{3776F9EB-9249-442D-B545-D516A583621F}"
EndProject
Global
	GlobalSection(SolutionConfigurationPlatforms) = preSolution
		Debug|Any CPU = Debug|Any CPU
		Release|Any CPU = Release|Any CPU
	EndGlobalSection
	GlobalSection(ProjectConfigurationPlatforms) = postSolution
		{3776F9EB-9249-442D-B545-D516A583621F}.Debug|Any CPU.ActiveCfg = Debug|Any CPU
		{3776F9EB-9249-442D-B545-D516A583621F}.Debug|Any CPU.Build.0 = Debug|Any CPU
		{3776F9EB-9249-442D-B545-D516A583621F}.Release|Any CPU.ActiveCfg = Release|Any CPU
		{3776F9EB-9249-442D-B545-D516A583621F}.Release|Any CPU.Build.0 = Release|Any CPU
	EndGlobalSection
	GlobalSection(SolutionProperties) = preSolution
		HideSolutionNode = FALSE
	EndGlobalSection
	GlobalSection(ExtensibilityGlobals) = postSolution
		SolutionGuid = {6EC20A5C-E67D-412F-AB0A-3D5BA2B50C2E}
	EndGlobalSection
EndGlobal
